
Microsoft Visual Studio Solution File, Format Version 12.00
# Visual Studio 15
VisualStudioVersion = 15.0.27130.2027
MinimumVisualStudioVersion = 10.0.40219.1
Project("{FAE04EC0-301F-11D3-BF4B-00C04F79EFBC}") = "Arrays", "Arrays\Arrays.csproj", "{9EF09623-056E-4C1C-B4B7-7DEBC9B00EC3}"
EndProject
Project("{FAE04EC0-301F-11D3-BF4B-00C04F79EFBC}") = "Listas", "Listas\Listas.csproj", "{2FE10DAE-DD7A-40F1-914B-68B415FDE72D}"
EndProject
Project("{FAE04EC0-301F-11D3-BF4B-00C04F79EFBC}") = "Sets", "Sets\Sets.csproj", "{3ECB55B9-5C0D-4B47-80A4-E67EFA652D74}"
EndProject
Project("{FAE04EC0-301F-11D3-BF4B-00C04F79EFBC}") = "Dicionarios", "Dicionarios\Dicionarios.csproj", "{9ED2B837-4783-4858-95C6-0D9694F5980E}"
EndProject
Project("{FAE04EC0-301F-11D3-BF4B-00C04F79EFBC}") = "Listas Ligadas", "Listas Ligadas\Listas Ligadas.csproj", "{79D5DA1C-5452-44F1-A6AD-A648DE491DCF}"
EndProject
Project("{FAE04EC0-301F-11D3-BF4B-00C04F79EFBC}") = "Pilhas", "Pilhas\Pilhas.csproj", "{F2F8FF86-B64E-4555-B689-E359FAB5B753}"
EndProject
Project("{FAE04EC0-301F-11D3-BF4B-00C04F79EFBC}") = "Filas", "Filas\Filas.csproj", "{7EA937E7-974B-405B-9314-3AECD74EF948}"
EndProject
Global
	GlobalSection(SolutionConfigurationPlatforms) = preSolution
		Debug|Any CPU = Debug|Any CPU
		Release|Any CPU = Release|Any CPU
	EndGlobalSection
	GlobalSection(ProjectConfigurationPlatforms) = postSolution
		{9EF09623-056E-4C1C-B4B7-7DEBC9B00EC3}.Debug|Any CPU.ActiveCfg = Debug|Any CPU
		{9EF09623-056E-4C1C-B4B7-7DEBC9B00EC3}.Debug|Any CPU.Build.0 = Debug|Any CPU
		{9EF09623-056E-4C1C-B4B7-7DEBC9B00EC3}.Release|Any CPU.ActiveCfg = Release|Any CPU
		{9EF09623-056E-4C1C-B4B7-7DEBC9B00EC3}.Release|Any CPU.Build.0 = Release|Any CPU
		{2FE10DAE-DD7A-40F1-914B-68B415FDE72D}.Debug|Any CPU.ActiveCfg = Debug|Any CPU
		{2FE10DAE-DD7A-40F1-914B-68B415FDE72D}.Debug|Any CPU.Build.0 = Debug|Any CPU
		{2FE10DAE-DD7A-40F1-914B-68B415FDE72D}.Release|Any CPU.ActiveCfg = Release|Any CPU
		{2FE10DAE-DD7A-40F1-914B-68B415FDE72D}.Release|Any CPU.Build.0 = Release|Any CPU
		{3ECB55B9-5C0D-4B47-80A4-E67EFA652D74}.Debug|Any CPU.ActiveCfg = Debug|Any CPU
		{3ECB55B9-5C0D-4B47-80A4-E67EFA652D74}.Debug|Any CPU.Build.0 = Debug|Any CPU
		{3ECB55B9-5C0D-4B47-80A4-E67EFA652D74}.Release|Any CPU.ActiveCfg = Release|Any CPU
		{3ECB55B9-5C0D-4B47-80A4-E67EFA652D74}.Release|Any CPU.Build.0 = Release|Any CPU
		{9ED2B837-4783-4858-95C6-0D9694F5980E}.Debug|Any CPU.ActiveCfg = Debug|Any CPU
		{9ED2B837-4783-4858-95C6-0D9694F5980E}.Debug|Any CPU.Build.0 = Debug|Any CPU
		{9ED2B837-4783-4858-95C6-0D9694F5980E}.Release|Any CPU.ActiveCfg = Release|Any CPU
		{9ED2B837-4783-4858-95C6-0D9694F5980E}.Release|Any CPU.Build.0 = Release|Any CPU
		{79D5DA1C-5452-44F1-A6AD-A648DE491DCF}.Debug|Any CPU.ActiveCfg = Debug|Any CPU
		{79D5DA1C-5452-44F1-A6AD-A648DE491DCF}.Debug|Any CPU.Build.0 = Debug|Any CPU
		{79D5DA1C-5452-44F1-A6AD-A648DE491DCF}.Release|Any CPU.ActiveCfg = Release|Any CPU
		{79D5DA1C-5452-44F1-A6AD-A648DE491DCF}.Release|Any CPU.Build.0 = Release|Any CPU
		{F2F8FF86-B64E-4555-B689-E359FAB5B753}.Debug|Any CPU.ActiveCfg = Debug|Any CPU
		{F2F8FF86-B64E-4555-B689-E359FAB5B753}.Debug|Any CPU.Build.0 = Debug|Any CPU
		{F2F8FF86-B64E-4555-B689-E359FAB5B753}.Release|Any CPU.ActiveCfg = Release|Any CPU
		{F2F8FF86-B64E-4555-B689-E359FAB5B753}.Release|Any CPU.Build.0 = Release|Any CPU
		{7EA937E7-974B-405B-9314-3AECD74EF948}.Debug|Any CPU.ActiveCfg = Debug|Any CPU
		{7EA937E7-974B-405B-9314-3AECD74EF948}.Debug|Any CPU.Build.0 = Debug|Any CPU
		{7EA937E7-974B-405B-9314-3AECD74EF948}.Release|Any CPU.ActiveCfg = Release|Any CPU
		{7EA937E7-974B-405B-9314-3AECD74EF948}.Release|Any CPU.Build.0 = Release|Any CPU
	EndGlobalSection
	GlobalSection(SolutionProperties) = preSolution
		HideSolutionNode = FALSE
	EndGlobalSection
	GlobalSection(ExtensibilityGlobals) = postSolution
		SolutionGuid = {FA3D245B-3634-40E6-9A0A-A86FB77B836B}
	EndGlobalSection
EndGlobal
